
Microsoft Visual Studio Solution File, Format Version 12.00
# Visual Studio 15
VisualStudioVersion = 15.0.28307.779
MinimumVisualStudioVersion = 10.0.40219.1
Project("{FAE04EC0-301F-11D3-BF4B-00C04F79EFBC}") = "Ado.NETDemo", "Ado.NETDemo\Ado.NETDemo.csproj", "{553CDE35-DE43-48A2-9A45-D2F5BA553C27}"
EndProject
Project("{FAE04EC0-301F-11D3-BF4B-00C04F79EFBC}") = "Ado.NETDemo2", "Ado.NETDemo2\Ado.NETDemo2.csproj", "{2EEDCC5B-E11F-4FE4-A361-21464D130C6A}"
EndProject
Project("{FAE04EC0-301F-11D3-BF4B-00C04F79EFBC}") = "UI", "UI\UI.csproj", "{7DBE121E-3ECC-4507-954B-4073EFF4A7A0}"
EndProject
Project("{FAE04EC0-301F-11D3-BF4B-00C04F79EFBC}") = "BLL", "BLL\BLL.csproj", "{7669E241-706C-4557-8BEF-F7BA49867AB0}"
EndProject
Project("{FAE04EC0-301F-11D3-BF4B-00C04F79EFBC}") = "DAL", "DAL\DAL.csproj", "{63A445A1-77FD-4167-9FAD-2A58F1FD732E}"
EndProject
Project("{2150E333-8FDC-42A3-9474-1A3956D46DE8}") = "0.UI", "0.UI", "{45358284-E980-4F9D-9A2A-C111360AAEB8}"
EndProject
Project("{2150E333-8FDC-42A3-9474-1A3956D46DE8}") = "NewFolder1", "NewFolder1", "{BE2F931A-251A-4854-8896-B311EBD05E64}"
EndProject
Project("{2150E333-8FDC-42A3-9474-1A3956D46DE8}") = "1.BLL", "1.BLL", "{6D101195-818A-47F8-8A0E-70D947DF2902}"
EndProject
Project("{2150E333-8FDC-42A3-9474-1A3956D46DE8}") = "2.DAL", "2.DAL", "{0312A945-B6C8-4EAF-AB32-ED5157FE0F2C}"
EndProject
Project("{2150E333-8FDC-42A3-9474-1A3956D46DE8}") = "3.Entity", "3.Entity", "{EB94BB68-5D1C-40FF-9103-E56FCE3690A2}"
EndProject
Project("{FAE04EC0-301F-11D3-BF4B-00C04F79EFBC}") = "Entity", "Entity\Entity.csproj", "{74C1272F-5E38-4E28-8399-D0B45893FB12}"
EndProject
Global
	GlobalSection(SolutionConfigurationPlatforms) = preSolution
		Debug|Any CPU = Debug|Any CPU
		Release|Any CPU = Release|Any CPU
	EndGlobalSection
	GlobalSection(ProjectConfigurationPlatforms) = postSolution
		{553CDE35-DE43-48A2-9A45-D2F5BA553C27}.Debug|Any CPU.ActiveCfg = Debug|Any CPU
		{553CDE35-DE43-48A2-9A45-D2F5BA553C27}.Debug|Any CPU.Build.0 = Debug|Any CPU
		{553CDE35-DE43-48A2-9A45-D2F5BA553C27}.Release|Any CPU.ActiveCfg = Release|Any CPU
		{553CDE35-DE43-48A2-9A45-D2F5BA553C27}.Release|Any CPU.Build.0 = Release|Any CPU
		{2EEDCC5B-E11F-4FE4-A361-21464D130C6A}.Debug|Any CPU.ActiveCfg = Debug|Any CPU
		{2EEDCC5B-E11F-4FE4-A361-21464D130C6A}.Debug|Any CPU.Build.0 = Debug|Any CPU
		{2EEDCC5B-E11F-4FE4-A361-21464D130C6A}.Release|Any CPU.ActiveCfg = Release|Any CPU
		{2EEDCC5B-E11F-4FE4-A361-21464D130C6A}.Release|Any CPU.Build.0 = Release|Any CPU
		{7DBE121E-3ECC-4507-954B-4073EFF4A7A0}.Debug|Any CPU.ActiveCfg = Debug|Any CPU
		{7DBE121E-3ECC-4507-954B-4073EFF4A7A0}.Debug|Any CPU.Build.0 = Debug|Any CPU
		{7DBE121E-3ECC-4507-954B-4073EFF4A7A0}.Release|Any CPU.ActiveCfg = Release|Any CPU
		{7DBE121E-3ECC-4507-954B-4073EFF4A7A0}.Release|Any CPU.Build.0 = Release|Any CPU
		{7669E241-706C-4557-8BEF-F7BA49867AB0}.Debug|Any CPU.ActiveCfg = Debug|Any CPU
		{7669E241-706C-4557-8BEF-F7BA49867AB0}.Debug|Any CPU.Build.0 = Debug|Any CPU
		{7669E241-706C-4557-8BEF-F7BA49867AB0}.Release|Any CPU.ActiveCfg = Release|Any CPU
		{7669E241-706C-4557-8BEF-F7BA49867AB0}.Release|Any CPU.Build.0 = Release|Any CPU
		{63A445A1-77FD-4167-9FAD-2A58F1FD732E}.Debug|Any CPU.ActiveCfg = Debug|Any CPU
		{63A445A1-77FD-4167-9FAD-2A58F1FD732E}.Debug|Any CPU.Build.0 = Debug|Any CPU
		{63A445A1-77FD-4167-9FAD-2A58F1FD732E}.Release|Any CPU.ActiveCfg = Release|Any CPU
		{63A445A1-77FD-4167-9FAD-2A58F1FD732E}.Release|Any CPU.Build.0 = Release|Any CPU
		{74C1272F-5E38-4E28-8399-D0B45893FB12}.Debug|Any CPU.ActiveCfg = Debug|Any CPU
		{74C1272F-5E38-4E28-8399-D0B45893FB12}.Debug|Any CPU.Build.0 = Debug|Any CPU
		{74C1272F-5E38-4E28-8399-D0B45893FB12}.Release|Any CPU.ActiveCfg = Release|Any CPU
		{74C1272F-5E38-4E28-8399-D0B45893FB12}.Release|Any CPU.Build.0 = Release|Any CPU
	EndGlobalSection
	GlobalSection(SolutionProperties) = preSolution
		HideSolutionNode = FALSE
	EndGlobalSection
	GlobalSection(NestedProjects) = preSolution
		{7DBE121E-3ECC-4507-954B-4073EFF4A7A0} = {45358284-E980-4F9D-9A2A-C111360AAEB8}
		{7669E241-706C-4557-8BEF-F7BA49867AB0} = {6D101195-818A-47F8-8A0E-70D947DF2902}
		{63A445A1-77FD-4167-9FAD-2A58F1FD732E} = {0312A945-B6C8-4EAF-AB32-ED5157FE0F2C}
		{74C1272F-5E38-4E28-8399-D0B45893FB12} = {EB94BB68-5D1C-40FF-9103-E56FCE3690A2}
	EndGlobalSection
	GlobalSection(ExtensibilityGlobals) = postSolution
		SolutionGuid = {44011666-DC6C-4D29-82B2-C53E8A628D08}
	EndGlobalSection
EndGlobal
